
Microsoft Visual Studio Solution File, Format Version 12.00
# Visual Studio Version 17
VisualStudioVersion = 17.0.31903.59
MinimumVisualStudioVersion = 10.0.40219.1
Project("{FAE04EC0-301F-11D3-BF4B-00C04F79EFBC}") = "API", "API\API.csproj", "{484571D2-81E4-4E75-BDBE-B454B40F1B41}"
EndProject
Project("{FAE04EC0-301F-11D3-BF4B-00C04F79EFBC}") = "Application", "Application\Application.csproj", "{4C10B7A7-2FC0-48FE-8F7D-8477576F44E3}"
EndProject
Project("{FAE04EC0-301F-11D3-BF4B-00C04F79EFBC}") = "Domain", "Domain\Domain.csproj", "{ED1EC6E6-36FE-4D52-87A9-7969987750B6}"
EndProject
Project("{FAE04EC0-301F-11D3-BF4B-00C04F79EFBC}") = "Persistence", "Persistence\Persistence.csproj", "{0852D4CC-7A75-44C4-9381-C01DF6029DFD}"
EndProject
Global
	GlobalSection(SolutionConfigurationPlatforms) = preSolution
		Debug|Any CPU = Debug|Any CPU
		Debug|x64 = Debug|x64
		Debug|x86 = Debug|x86
		Release|Any CPU = Release|Any CPU
		Release|x64 = Release|x64
		Release|x86 = Release|x86
	EndGlobalSection
	GlobalSection(ProjectConfigurationPlatforms) = postSolution
		{484571D2-81E4-4E75-BDBE-B454B40F1B41}.Debug|Any CPU.ActiveCfg = Debug|Any CPU
		{484571D2-81E4-4E75-BDBE-B454B40F1B41}.Debug|Any CPU.Build.0 = Debug|Any CPU
		{484571D2-81E4-4E75-BDBE-B454B40F1B41}.Debug|x64.ActiveCfg = Debug|Any CPU
		{484571D2-81E4-4E75-BDBE-B454B40F1B41}.Debug|x64.Build.0 = Debug|Any CPU
		{484571D2-81E4-4E75-BDBE-B454B40F1B41}.Debug|x86.ActiveCfg = Debug|Any CPU
		{484571D2-81E4-4E75-BDBE-B454B40F1B41}.Debug|x86.Build.0 = Debug|Any CPU
		{484571D2-81E4-4E75-BDBE-B454B40F1B41}.Release|Any CPU.ActiveCfg = Release|Any CPU
		{484571D2-81E4-4E75-BDBE-B454B40F1B41}.Release|Any CPU.Build.0 = Release|Any CPU
		{484571D2-81E4-4E75-BDBE-B454B40F1B41}.Release|x64.ActiveCfg = Release|Any CPU
		{484571D2-81E4-4E75-BDBE-B454B40F1B41}.Release|x64.Build.0 = Release|Any CPU
		{484571D2-81E4-4E75-BDBE-B454B40F1B41}.Release|x86.ActiveCfg = Release|Any CPU
		{484571D2-81E4-4E75-BDBE-B454B40F1B41}.Release|x86.Build.0 = Release|Any CPU
		{4C10B7A7-2FC0-48FE-8F7D-8477576F44E3}.Debug|Any CPU.ActiveCfg = Debug|Any CPU
		{4C10B7A7-2FC0-48FE-8F7D-8477576F44E3}.Debug|Any CPU.Build.0 = Debug|Any CPU
		{4C10B7A7-2FC0-48FE-8F7D-8477576F44E3}.Debug|x64.ActiveCfg = Debug|Any CPU
		{4C10B7A7-2FC0-48FE-8F7D-8477576F44E3}.Debug|x64.Build.0 = Debug|Any CPU
		{4C10B7A7-2FC0-48FE-8F7D-8477576F44E3}.Debug|x86.ActiveCfg = Debug|Any CPU
		{4C10B7A7-2FC0-48FE-8F7D-8477576F44E3}.Debug|x86.Build.0 = Debug|Any CPU
		{4C10B7A7-2FC0-48FE-8F7D-8477576F44E3}.Release|Any CPU.ActiveCfg = Release|Any CPU
		{4C10B7A7-2FC0-48FE-8F7D-8477576F44E3}.Release|Any CPU.Build.0 = Release|Any CPU
		{4C10B7A7-2FC0-48FE-8F7D-8477576F44E3}.Release|x64.ActiveCfg = Release|Any CPU
		{4C10B7A7-2FC0-48FE-8F7D-8477576F44E3}.Release|x64.Build.0 = Release|Any CPU
		{4C10B7A7-2FC0-48FE-8F7D-8477576F44E3}.Release|x86.ActiveCfg = Release|Any CPU
		{4C10B7A7-2FC0-48FE-8F7D-8477576F44E3}.Release|x86.Build.0 = Release|Any CPU
		{ED1EC6E6-36FE-4D52-87A9-7969987750B6}.Debug|Any CPU.ActiveCfg = Debug|Any CPU
		{ED1EC6E6-36FE-4D52-87A9-7969987750B6}.Debug|Any CPU.Build.0 = Debug|Any CPU
		{ED1EC6E6-36FE-4D52-87A9-7969987750B6}.Debug|x64.ActiveCfg = Debug|Any CPU
		{ED1EC6E6-36FE-4D52-87A9-7969987750B6}.Debug|x64.Build.0 = Debug|Any CPU
		{ED1EC6E6-36FE-4D52-87A9-7969987750B6}.Debug|x86.ActiveCfg = Debug|Any CPU
		{ED1EC6E6-36FE-4D52-87A9-7969987750B6}.Debug|x86.Build.0 = Debug|Any CPU
		{ED1EC6E6-36FE-4D52-87A9-7969987750B6}.Release|Any CPU.ActiveCfg = Release|Any CPU
		{ED1EC6E6-36FE-4D52-87A9-7969987750B6}.Release|Any CPU.Build.0 = Release|Any CPU
		{ED1EC6E6-36FE-4D52-87A9-7969987750B6}.Release|x64.ActiveCfg = Release|Any CPU
		{ED1EC6E6-36FE-4D52-87A9-7969987750B6}.Release|x64.Build.0 = Release|Any CPU
		{ED1EC6E6-36FE-4D52-87A9-7969987750B6}.Release|x86.ActiveCfg = Release|Any CPU
		{ED1EC6E6-36FE-4D52-87A9-7969987750B6}.Release|x86.Build.0 = Release|Any CPU
		{0852D4CC-7A75-44C4-9381-C01DF6029DFD}.Debug|Any CPU.ActiveCfg = Debug|Any CPU
		{0852D4CC-7A75-44C4-9381-C01DF6029DFD}.Debug|Any CPU.Build.0 = Debug|Any CPU
		{0852D4CC-7A75-44C4-9381-C01DF6029DFD}.Debug|x64.ActiveCfg = Debug|Any CPU
		{0852D4CC-7A75-44C4-9381-C01DF6029DFD}.Debug|x64.Build.0 = Debug|Any CPU
		{0852D4CC-7A75-44C4-9381-C01DF6029DFD}.Debug|x86.ActiveCfg = Debug|Any CPU
		{0852D4CC-7A75-44C4-9381-C01DF6029DFD}.Debug|x86.Build.0 = Debug|Any CPU
		{0852D4CC-7A75-44C4-9381-C01DF6029DFD}.Release|Any CPU.ActiveCfg = Release|Any CPU
		{0852D4CC-7A75-44C4-9381-C01DF6029DFD}.Release|Any CPU.Build.0 = Release|Any CPU
		{0852D4CC-7A75-44C4-9381-C01DF6029DFD}.Release|x64.ActiveCfg = Release|Any CPU
		{0852D4CC-7A75-44C4-9381-C01DF6029DFD}.Release|x64.Build.0 = Release|Any CPU
		{0852D4CC-7A75-44C4-9381-C01DF6029DFD}.Release|x86.ActiveCfg = Release|Any CPU
		{0852D4CC-7A75-44C4-9381-C01DF6029DFD}.Release|x86.Build.0 = Release|Any CPU
	EndGlobalSection
	GlobalSection(SolutionProperties) = preSolution
		HideSolutionNode = FALSE
	EndGlobalSection
EndGlobal
